
Microsoft Visual Studio Solution File, Format Version 12.00
# Visual Studio Version 17
VisualStudioVersion = 17.6.33829.357
MinimumVisualStudioVersion = 10.0.40219.1
Project("{FAE04EC0-301F-11D3-BF4B-00C04F79EFBC}") = "REYES_LabProject", "REYES_LabProject\REYES_LabProject.csproj", "{31C0A590-2EBA-4A1B-BDC5-AFA95A23B90E}"
EndProject
Global
	GlobalSection(SolutionConfigurationPlatforms) = preSolution
		Debug|Any CPU = Debug|Any CPU
		Release|Any CPU = Release|Any CPU
	EndGlobalSection
	GlobalSection(ProjectConfigurationPlatforms) = postSolution
		{31C0A590-2EBA-4A1B-BDC5-AFA95A23B90E}.Debug|Any CPU.ActiveCfg = Debug|Any CPU
		{31C0A590-2EBA-4A1B-BDC5-AFA95A23B90E}.Debug|Any CPU.Build.0 = Debug|Any CPU
		{31C0A590-2EBA-4A1B-BDC5-AFA95A23B90E}.Release|Any CPU.ActiveCfg = Release|Any CPU
		{31C0A590-2EBA-4A1B-BDC5-AFA95A23B90E}.Release|Any CPU.Build.0 = Release|Any CPU
	EndGlobalSection
	GlobalSection(SolutionProperties) = preSolution
		HideSolutionNode = FALSE
	EndGlobalSection
	GlobalSection(ExtensibilityGlobals) = postSolution
		SolutionGuid = {FF1FDA38-2A0D-492F-81C5-1E3C93779919}
	EndGlobalSection
EndGlobal
